// !$*UTF8*$!
{
	archiveVersion = 1;
	classes = {
	};
	objectVersion = 56;
	objects = {

/* Begin PBXBuildFile section */
		31B7DD212B34C21100203B8C /* AppDelegate.swift in Sources */ = {isa = PBXBuildFile; fileRef = 31B7DD202B34C21100203B8C /* AppDelegate.swift */; };
		31B7DD232B34C21100203B8C /* SceneDelegate.swift in Sources */ = {isa = PBXBuildFile; fileRef = 31B7DD222B34C21100203B8C /* SceneDelegate.swift */; };
		31B7DD252B34C21100203B8C /* ViewController.swift in Sources */ = {isa = PBXBuildFile; fileRef = 31B7DD242B34C21100203B8C /* ViewController.swift */; };
		31B7DD282B34C21100203B8C /* Main.storyboard in Resources */ = {isa = PBXBuildFile; fileRef = 31B7DD262B34C21100203B8C /* Main.storyboard */; };
		31B7DD2A2B34C21300203B8C /* Assets.xcassets in Resources */ = {isa = PBXBuildFile; fileRef = 31B7DD292B34C21300203B8C /* Assets.xcassets */; };
		31B7DD2D2B34C21300203B8C /* LaunchScreen.storyboard in Resources */ = {isa = PBXBuildFile; fileRef = 31B7DD2B2B34C21300203B8C /* LaunchScreen.storyboard */; };
		31B7DD382B34C21300203B8C /* Counter_ver2Tests.swift in Sources */ = {isa = PBXBuildFile; fileRef = 31B7DD372B34C21300203B8C /* Counter_ver2Tests.swift */; };
		31B7DD422B34C21300203B8C /* Counter_ver2UITests.swift in Sources */ = {isa = PBXBuildFile; fileRef = 31B7DD412B34C21300203B8C /* Counter_ver2UITests.swift */; };
		31B7DD442B34C21300203B8C /* Counter_ver2UITestsLaunchTests.swift in Sources */ = {isa = PBXBuildFile; fileRef = 31B7DD432B34C21300203B8C /* Counter_ver2UITestsLaunchTests.swift */; };
/* End PBXBuildFile section */

/* Begin PBXContainerItemProxy section */
		31B7DD342B34C21300203B8C /* PBXContainerItemProxy */ = {
			isa = PBXContainerItemProxy;
			containerPortal = 31B7DD152B34C21100203B8C /* Project object */;
			proxyType = 1;
			remoteGlobalIDString = 31B7DD1C2B34C21100203B8C;
			remoteInfo = Counter.ver2;
		};
		31B7DD3E2B34C21300203B8C /* PBXContainerItemProxy */ = {
			isa = PBXContainerItemProxy;
			containerPortal = 31B7DD152B34C21100203B8C /* Project object */;
			proxyType = 1;
			remoteGlobalIDString = 31B7DD1C2B34C21100203B8C;
			remoteInfo = Counter.ver2;
		};
/* End PBXContainerItemProxy section */

/* Begin PBXFileReference section */
		31B7DD1D2B34C21100203B8C /* Counter.ver2.app */ = {isa = PBXFileReference; explicitFileType = wrapper.application; includeInIndex = 0; path = Counter.ver2.app; sourceTree = BUILT_PRODUCTS_DIR; };
		31B7DD202B34C21100203B8C /* AppDelegate.swift */ = {isa = PBXFileReference; lastKnownFileType = sourcecode.swift; path = AppDelegate.swift; sourceTree = "<group>"; };
		31B7DD222B34C21100203B8C /* SceneDelegate.swift */ = {isa = PBXFileReference; lastKnownFileType = sourcecode.swift; path = SceneDelegate.swift; sourceTree = "<group>"; };
		31B7DD242B34C21100203B8C /* ViewController.swift */ = {isa = PBXFileReference; lastKnownFileType = sourcecode.swift; path = ViewController.swift; sourceTree = "<group>"; };
		31B7DD272B34C21100203B8C /* Base */ = {isa = PBXFileReference; lastKnownFileType = file.storyboard; name = Base; path = Base.lproj/Main.storyboard; sourceTree = "<group>"; };
		31B7DD292B34C21300203B8C /* Assets.xcassets */ = {isa = PBXFileReference; lastKnownFileType = folder.assetcatalog; path = Assets.xcassets; sourceTree = "<group>"; };
		31B7DD2C2B34C21300203B8C /* Base */ = {isa = PBXFileReference; lastKnownFileType = file.storyboard; name = Base; path = Base.lproj/LaunchScreen.storyboard; sourceTree = "<group>"; };
		31B7DD2E2B34C21300203B8C /* Info.plist */ = {isa = PBXFileReference; lastKnownFileType = text.plist.xml; path = Info.plist; sourceTree = "<group>"; };
		31B7DD332B34C21300203B8C /* Counter.ver2Tests.xctest */ = {isa = PBXFileReference; explicitFileType = wrapper.cfbundle; includeInIndex = 0; path = Counter.ver2Tests.xctest; sourceTree = BUILT_PRODUCTS_DIR; };
		31B7DD372B34C21300203B8C /* Counter_ver2Tests.swift */ = {isa = PBXFileReference; lastKnownFileType = sourcecode.swift; path = Counter_ver2Tests.swift; sourceTree = "<group>"; };
		31B7DD3D2B34C21300203B8C /* Counter.ver2UITests.xctest */ = {isa = PBXFileReference; explicitFileType = wrapper.cfbundle; includeInIndex = 0; path = Counter.ver2UITests.xctest; sourceTree = BUILT_PRODUCTS_DIR; };
		31B7DD412B34C21300203B8C /* Counter_ver2UITests.swift */ = {isa = PBXFileReference; lastKnownFileType = sourcecode.swift; path = Counter_ver2UITests.swift; sourceTree = "<group>"; };
		31B7DD432B34C21300203B8C /* Counter_ver2UITestsLaunchTests.swift */ = {isa = PBXFileReference; lastKnownFileType = sourcecode.swift; path = Counter_ver2UITestsLaunchTests.swift; sourceTree = "<group>"; };
/* End PBXFileReference section */

/* Begin PBXFrameworksBuildPhase section */
		31B7DD1A2B34C21100203B8C /* Frameworks */ = {
			isa = PBXFrameworksBuildPhase;
			buildActionMask = 2147483647;
			files = (
			);
			runOnlyForDeploymentPostprocessing = 0;
		};
		31B7DD302B34C21300203B8C /* Frameworks */ = {
			isa = PBXFrameworksBuildPhase;
			buildActionMask = 2147483647;
			files = (
			);
			runOnlyForDeploymentPostprocessing = 0;
		};
		31B7DD3A2B34C21300203B8C /* Frameworks */ = {
			isa = PBXFrameworksBuildPhase;
			buildActionMask = 2147483647;
			files = (
			);
			runOnlyForDeploymentPostprocessing = 0;
		};
/* End PBXFrameworksBuildPhase section */

/* Begin PBXGroup section */
		31B7DD142B34C21100203B8C = {
			isa = PBXGroup;
			children = (
				31B7DD1F2B34C21100203B8C /* Counter.ver2 */,
				31B7DD362B34C21300203B8C /* Counter.ver2Tests */,
				31B7DD402B34C21300203B8C /* Counter.ver2UITests */,
				31B7DD1E2B34C21100203B8C /* Products */,
			);
			sourceTree = "<group>";
		};
		31B7DD1E2B34C21100203B8C /* Products */ = {
			isa = PBXGroup;
			children = (
				31B7DD1D2B34C21100203B8C /* Counter.ver2.app */,
				31B7DD332B34C21300203B8C /* Counter.ver2Tests.xctest */,
				31B7DD3D2B34C21300203B8C /* Counter.ver2UITests.xctest */,
			);
			name = Products;
			sourceTree = "<group>";
		};
		31B7DD1F2B34C21100203B8C /* Counter.ver2 */ = {
			isa = PBXGroup;
			children = (
				31B7DD202B34C21100203B8C /* AppDelegate.swift */,
				31B7DD222B34C21100203B8C /* SceneDelegate.swift */,
				31B7DD242B34C21100203B8C /* ViewController.swift */,
				31B7DD262B34C21100203B8C /* Main.storyboard */,
				31B7DD292B34C21300203B8C /* Assets.xcassets */,
				31B7DD2B2B34C21300203B8C /* LaunchScreen.storyboard */,
				31B7DD2E2B34C21300203B8C /* Info.plist */,
			);
			path = Counter.ver2;
			sourceTree = "<group>";
		};
		31B7DD362B34C21300203B8C /* Counter.ver2Tests */ = {
			isa = PBXGroup;
			children = (
				31B7DD372B34C21300203B8C /* Counter_ver2Tests.swift */,
			);
			path = Counter.ver2Tests;
			sourceTree = "<group>";
		};
		31B7DD402B34C21300203B8C /* Counter.ver2UITests */ = {
			isa = PBXGroup;
			children = (
				31B7DD412B34C21300203B8C /* Counter_ver2UITests.swift */,
				31B7DD432B34C21300203B8C /* Counter_ver2UITestsLaunchTests.swift */,
			);
			path = Counter.ver2UITests;
			sourceTree = "<group>";
		};
/* End PBXGroup section */

/* Begin PBXNativeTarget section */
		31B7DD1C2B34C21100203B8C /* Counter.ver2 */ = {
			isa = PBXNativeTarget;
			buildConfigurationList = 31B7DD472B34C21300203B8C /* Build configuration list for PBXNativeTarget "Counter.ver2" */;
			buildPhases = (
				31B7DD192B34C21100203B8C /* Sources */,
				31B7DD1A2B34C21100203B8C /* Frameworks */,
				31B7DD1B2B34C21100203B8C /* Resources */,
			);
			buildRules = (
			);
			dependencies = (
			);
			name = Counter.ver2;
			productName = Counter.ver2;
			productReference = 31B7DD1D2B34C21100203B8C /* Counter.ver2.app */;
			productType = "com.apple.product-type.application";
		};
		31B7DD322B34C21300203B8C /* Counter.ver2Tests */ = {
			isa = PBXNativeTarget;
			buildConfigurationList = 31B7DD4A2B34C21300203B8C /* Build configuration list for PBXNativeTarget "Counter.ver2Tests" */;
			buildPhases = (
				31B7DD2F2B34C21300203B8C /* Sources */,
				31B7DD302B34C21300203B8C /* Frameworks */,
				31B7DD312B34C21300203B8C /* Resources */,
			);
			buildRules = (
			);
			dependencies = (
				31B7DD352B34C21300203B8C /* PBXTargetDependency */,
			);
			name = Counter.ver2Tests;
			productName = Counter.ver2Tests;
			productReference = 31B7DD332B34C21300203B8C /* Counter.ver2Tests.xctest */;
			productType = "com.apple.product-type.bundle.unit-test";
		};
		31B7DD3C2B34C21300203B8C /* Counter.ver2UITests */ = {
			isa = PBXNativeTarget;
			buildConfigurationList = 31B7DD4D2B34C21300203B8C /* Build configuration list for PBXNativeTarget "Counter.ver2UITests" */;
			buildPhases = (
				31B7DD392B34C21300203B8C /* Sources */,
				31B7DD3A2B34C21300203B8C /* Frameworks */,
				31B7DD3B2B34C21300203B8C /* Resources */,
			);
			buildRules = (
			);
			dependencies = (
				31B7DD3F2B34C21300203B8C /* PBXTargetDependency */,
			);
			name = Counter.ver2UITests;
			productName = Counter.ver2UITests;
			productReference = 31B7DD3D2B34C21300203B8C /* Counter.ver2UITests.xctest */;
			productType = "com.apple.product-type.bundle.ui-testing";
		};
/* End PBXNativeTarget section */

/* Begin PBXProject section */
		31B7DD152B34C21100203B8C /* Project object */ = {
			isa = PBXProject;
			attributes = {
				BuildIndependentTargetsInParallel = 1;
				LastSwiftUpdateCheck = 1500;
				LastUpgradeCheck = 1500;
				TargetAttributes = {
					31B7DD1C2B34C21100203B8C = {
						CreatedOnToolsVersion = 15.0.1;
					};
					31B7DD322B34C21300203B8C = {
						CreatedOnToolsVersion = 15.0.1;
						TestTargetID = 31B7DD1C2B34C21100203B8C;
					};
					31B7DD3C2B34C21300203B8C = {
						CreatedOnToolsVersion = 15.0.1;
						TestTargetID = 31B7DD1C2B34C21100203B8C;
					};
				};
			};
			buildConfigurationList = 31B7DD182B34C21100203B8C /* Build configuration list for PBXProject "Counter.ver2" */;
			compatibilityVersion = "Xcode 14.0";
			developmentRegion = en;
			hasScannedForEncodings = 0;
			knownRegions = (
				en,
				Base,
			);
			mainGroup = 31B7DD142B34C21100203B8C;
			productRefGroup = 31B7DD1E2B34C21100203B8C /* Products */;
			projectDirPath = "";
			projectRoot = "";
			targets = (
				31B7DD1C2B34C21100203B8C /* Counter.ver2 */,
				31B7DD322B34C21300203B8C /* Counter.ver2Tests */,
				31B7DD3C2B34C21300203B8C /* Counter.ver2UITests */,
			);
		};
/* End PBXProject section */

/* Begin PBXResourcesBuildPhase section */
		31B7DD1B2B34C21100203B8C /* Resources */ = {
			isa = PBXResourcesBuildPhase;
			buildActionMask = 2147483647;
			files = (
				31B7DD2D2B34C21300203B8C /* LaunchScreen.storyboard in Resources */,
				31B7DD2A2B34C21300203B8C /* Assets.xcassets in Resources */,
				31B7DD282B34C21100203B8C /* Main.storyboard in Resources */,
			);
			runOnlyForDeploymentPostprocessing = 0;
		};
		31B7DD312B34C21300203B8C /* Resources */ = {
			isa = PBXResourcesBuildPhase;
			buildActionMask = 2147483647;
			files = (
			);
			runOnlyForDeploymentPostprocessing = 0;
		};
		31B7DD3B2B34C21300203B8C /* Resources */ = {
			isa = PBXResourcesBuildPhase;
			buildActionMask = 2147483647;
			files = (
			);
			runOnlyForDeploymentPostprocessing = 0;
		};
/* End PBXResourcesBuildPhase section */

/* Begin PBXSourcesBuildPhase section */
		31B7DD192B34C21100203B8C /* Sources */ = {
			isa = PBXSourcesBuildPhase;
			buildActionMask = 2147483647;
			files = (
				31B7DD252B34C21100203B8C /* ViewController.swift in Sources */,
				31B7DD212B34C21100203B8C /* AppDelegate.swift in Sources */,
				31B7DD232B34C21100203B8C /* SceneDelegate.swift in Sources */,
			);
			runOnlyForDeploymentPostprocessing = 0;
		};
		31B7DD2F2B34C21300203B8C /* Sources */ = {
			isa = PBXSourcesBuildPhase;
			buildActionMask = 2147483647;
			files = (
				31B7DD382B34C21300203B8C /* Counter_ver2Tests.swift in Sources */,
			);
			runOnlyForDeploymentPostprocessing = 0;
		};
		31B7DD392B34C21300203B8C /* Sources */ = {
			isa = PBXSourcesBuildPhase;
			buildActionMask = 2147483647;
			files = (
				31B7DD442B34C21300203B8C /* Counter_ver2UITestsLaunchTests.swift in Sources */,
				31B7DD422B34C21300203B8C /* Counter_ver2UITests.swift in Sources */,
			);
			runOnlyForDeploymentPostprocessing = 0;
		};
/* End PBXSourcesBuildPhase section */

/* Begin PBXTargetDependency section */
		31B7DD352B34C21300203B8C /* PBXTargetDependency */ = {
			isa = PBXTargetDependency;
			target = 31B7DD1C2B34C21100203B8C /* Counter.ver2 */;
			targetProxy = 31B7DD342B34C21300203B8C /* PBXContainerItemProxy */;
		};
		31B7DD3F2B34C21300203B8C /* PBXTargetDependency */ = {
			isa = PBXTargetDependency;
			target = 31B7DD1C2B34C21100203B8C /* Counter.ver2 */;
			targetProxy = 31B7DD3E2B34C21300203B8C /* PBXContainerItemProxy */;
		};
/* End PBXTargetDependency section */

/* Begin PBXVariantGroup section */
		31B7DD262B34C21100203B8C /* Main.storyboard */ = {
			isa = PBXVariantGroup;
			children = (
				31B7DD272B34C21100203B8C /* Base */,
			);
			name = Main.storyboard;
			sourceTree = "<group>";
		};
		31B7DD2B2B34C21300203B8C /* LaunchScreen.storyboard */ = {
			isa = PBXVariantGroup;
			children = (
				31B7DD2C2B34C21300203B8C /* Base */,
			);
			name = LaunchScreen.storyboard;
			sourceTree = "<group>";
		};
/* End PBXVariantGroup section */

/* Begin XCBuildConfiguration section */
		31B7DD452B34C21300203B8C /* Debug */ = {
			isa = XCBuildConfiguration;
			buildSettings = {
				ALWAYS_SEARCH_USER_PATHS = NO;
				ASSETCATALOG_COMPILER_GENERATE_SWIFT_ASSET_SYMBOL_EXTENSIONS = YES;
				CLANG_ANALYZER_NONNULL = YES;
				CLANG_ANALYZER_NUMBER_OBJECT_CONVERSION = YES_AGGRESSIVE;
				CLANG_CXX_LANGUAGE_STANDARD = "gnu++20";
				CLANG_ENABLE_MODULES = YES;
				CLANG_ENABLE_OBJC_ARC = YES;
				CLANG_ENABLE_OBJC_WEAK = YES;
				CLANG_WARN_BLOCK_CAPTURE_AUTORELEASING = YES;
				CLANG_WARN_BOOL_CONVERSION = YES;
				CLANG_WARN_COMMA = YES;
				CLANG_WARN_CONSTANT_CONVERSION = YES;
				CLANG_WARN_DEPRECATED_OBJC_IMPLEMENTATIONS = YES;
				CLANG_WARN_DIRECT_OBJC_ISA_USAGE = YES_ERROR;
				CLANG_WARN_DOCUMENTATION_COMMENTS = YES;
				CLANG_WARN_EMPTY_BODY = YES;
				CLANG_WARN_ENUM_CONVERSION = YES;
				CLANG_WARN_INFINITE_RECURSION = YES;
				CLANG_WARN_INT_CONVERSION = YES;
				CLANG_WARN_NON_LITERAL_NULL_CONVERSION = YES;
				CLANG_WARN_OBJC_IMPLICIT_RETAIN_SELF = YES;
				CLANG_WARN_OBJC_LITERAL_CONVERSION = YES;
				CLANG_WARN_OBJC_ROOT_CLASS = YES_ERROR;
				CLANG_WARN_QUOTED_INCLUDE_IN_FRAMEWORK_HEADER = YES;
				CLANG_WARN_RANGE_LOOP_ANALYSIS = YES;
				CLANG_WARN_STRICT_PROTOTYPES = YES;
				CLANG_WARN_SUSPICIOUS_MOVE = YES;
				CLANG_WARN_UNGUARDED_AVAILABILITY = YES_AGGRESSIVE;
				CLANG_WARN_UNREACHABLE_CODE = YES;
				CLANG_WARN__DUPLICATE_METHOD_MATCH = YES;
				COPY_PHASE_STRIP = NO;
				DEBUG_INFORMATION_FORMAT = dwarf;
				ENABLE_STRICT_OBJC_MSGSEND = YES;
				ENABLE_TESTABILITY = YES;
				ENABLE_USER_SCRIPT_SANDBOXING = YES;
				GCC_C_LANGUAGE_STANDARD = gnu17;
				GCC_DYNAMIC_NO_PIC = NO;
				GCC_NO_COMMON_BLOCKS = YES;
				GCC_OPTIMIZATION_LEVEL = 0;
				GCC_PREPROCESSOR_DEFINITIONS = (
					"DEBUG=1",
					"$(inherited)",
				);
				GCC_WARN_64_TO_32_BIT_CONVERSION = YES;
				GCC_WARN_ABOUT_RETURN_TYPE = YES_ERROR;
				GCC_WARN_UNDECLARED_SELECTOR = YES;
				GCC_WARN_UNINITIALIZED_AUTOS = YES_AGGRESSIVE;
				GCC_WARN_UNUSED_FUNCTION = YES;
				GCC_WARN_UNUSED_VARIABLE = YES;
				IPHONEOS_DEPLOYMENT_TARGET = 17.0;
				LOCALIZATION_PREFERS_STRING_CATALOGS = YES;
				MTL_ENABLE_DEBUG_INFO = INCLUDE_SOURCE;
				MTL_FAST_MATH = YES;
				ONLY_ACTIVE_ARCH = YES;
				SDKROOT = iphoneos;
				SWIFT_ACTIVE_COMPILATION_CONDITIONS = "DEBUG $(inherited)";
				SWIFT_OPTIMIZATION_LEVEL = "-Onone";
			};
			name = Debug;
		};
		31B7DD462B34C21300203B8C /* Release */ = {
			isa = XCBuildConfiguration;
			buildSettings = {
				ALWAYS_SEARCH_USER_PATHS = NO;
				ASSETCATALOG_COMPILER_GENERATE_SWIFT_ASSET_SYMBOL_EXTENSIONS = YES;
				CLANG_ANALYZER_NONNULL = YES;
				CLANG_ANALYZER_NUMBER_OBJECT_CONVERSION = YES_AGGRESSIVE;
				CLANG_CXX_LANGUAGE_STANDARD = "gnu++20";
				CLANG_ENABLE_MODULES = YES;
				CLANG_ENABLE_OBJC_ARC = YES;
				CLANG_ENABLE_OBJC_WEAK = YES;
				CLANG_WARN_BLOCK_CAPTURE_AUTORELEASING = YES;
				CLANG_WARN_BOOL_CONVERSION = YES;
				CLANG_WARN_COMMA = YES;
				CLANG_WARN_CONSTANT_CONVERSION = YES;
				CLANG_WARN_DEPRECATED_OBJC_IMPLEMENTATIONS = YES;
				CLANG_WARN_DIRECT_OBJC_ISA_USAGE = YES_ERROR;
				CLANG_WARN_DOCUMENTATION_COMMENTS = YES;
				CLANG_WARN_EMPTY_BODY = YES;
				CLANG_WARN_ENUM_CONVERSION = YES;
				CLANG_WARN_INFINITE_RECURSION = YES;
				CLANG_WARN_INT_CONVERSION = YES;
				CLANG_WARN_NON_LITERAL_NULL_CONVERSION = YES;
				CLANG_WARN_OBJC_IMPLICIT_RETAIN_SELF = YES;
				CLANG_WARN_OBJC_LITERAL_CONVERSION = YES;
				CLANG_WARN_OBJC_ROOT_CLASS = YES_ERROR;
				CLANG_WARN_QUOTED_INCLUDE_IN_FRAMEWORK_HEADER = YES;
				CLANG_WARN_RANGE_LOOP_ANALYSIS = YES;
				CLANG_WARN_STRICT_PROTOTYPES = YES;
				CLANG_WARN_SUSPICIOUS_MOVE = YES;
				CLANG_WARN_UNGUARDED_AVAILABILITY = YES_AGGRESSIVE;
				CLANG_WARN_UNREACHABLE_CODE = YES;
				CLANG_WARN__DUPLICATE_METHOD_MATCH = YES;
				COPY_PHASE_STRIP = NO;
				DEBUG_INFORMATION_FORMAT = "dwarf-with-dsym";
				ENABLE_NS_ASSERTIONS = NO;
				ENABLE_STRICT_OBJC_MSGSEND = YES;
				ENABLE_USER_SCRIPT_SANDBOXING = YES;
				GCC_C_LANGUAGE_STANDARD = gnu17;
				GCC_NO_COMMON_BLOCKS = YES;
				GCC_WARN_64_TO_32_BIT_CONVERSION = YES;
				GCC_WARN_ABOUT_RETURN_TYPE = YES_ERROR;
				GCC_WARN_UNDECLARED_SELECTOR = YES;
				GCC_WARN_UNINITIALIZED_AUTOS = YES_AGGRESSIVE;
				GCC_WARN_UNUSED_FUNCTION = YES;
				GCC_WARN_UNUSED_VARIABLE = YES;
				IPHONEOS_DEPLOYMENT_TARGET = 17.0;
				LOCALIZATION_PREFERS_STRING_CATALOGS = YES;
				MTL_ENABLE_DEBUG_INFO = NO;
				MTL_FAST_MATH = YES;
				SDKROOT = iphoneos;
				SWIFT_COMPILATION_MODE = wholemodule;
				VALIDATE_PRODUCT = YES;
			};
			name = Release;
		};
		31B7DD482B34C21300203B8C /* Debug */ = {
			isa = XCBuildConfiguration;
			buildSettings = {
				ASSETCATALOG_COMPILER_APPICON_NAME = AppIcon;
				ASSETCATALOG_COMPILER_GLOBAL_ACCENT_COLOR_NAME = AccentColor;
				CODE_SIGN_STYLE = Automatic;
				CURRENT_PROJECT_VERSION = 1;
				GENERATE_INFOPLIST_FILE = YES;
				INFOPLIST_FILE = Counter.ver2/Info.plist;
				INFOPLIST_KEY_UIApplicationSupportsIndirectInputEvents = YES;
				INFOPLIST_KEY_UILaunchStoryboardName = LaunchScreen;
				INFOPLIST_KEY_UIMainStoryboardFile = Main;
				INFOPLIST_KEY_UISupportedInterfaceOrientations_iPad = "UIInterfaceOrientationPortrait UIInterfaceOrientationPortraitUpsideDown UIInterfaceOrientationLandscapeLeft UIInterfaceOrientationLandscapeRight";
				INFOPLIST_KEY_UISupportedInterfaceOrientations_iPhone = "UIInterfaceOrientationPortrait UIInterfaceOrientationLandscapeLeft UIInterfaceOrientationLandscapeRight";
				LD_RUNPATH_SEARCH_PATHS = (
					"$(inherited)",
					"@executable_path/Frameworks",
				);
				MARKETING_VERSION = 1.0;
				PRODUCT_BUNDLE_IDENTIFIER = "MIskurov.Counter-ver2";
				PRODUCT_NAME = "$(TARGET_NAME)";
				SWIFT_EMIT_LOC_STRINGS = YES;
				SWIFT_VERSION = 5.0;
				TARGETED_DEVICE_FAMILY = "1,2";
			};
			name = Debug;
		};
		31B7DD492B34C21300203B8C /* Release */ = {
			isa = XCBuildConfiguration;
			buildSettings = {
				ASSETCATALOG_COMPILER_APPICON_NAME = AppIcon;
				ASSETCATALOG_COMPILER_GLOBAL_ACCENT_COLOR_NAME = AccentColor;
				CODE_SIGN_STYLE = Automatic;
				CURRENT_PROJECT_VERSION = 1;
				GENERATE_INFOPLIST_FILE = YES;
				INFOPLIST_FILE = Counter.ver2/Info.plist;
				INFOPLIST_KEY_UIApplicationSupportsIndirectInputEvents = YES;
				INFOPLIST_KEY_UILaunchStoryboardName = LaunchScreen;
				INFOPLIST_KEY_UIMainStoryboardFile = Main;
				INFOPLIST_KEY_UISupportedInterfaceOrientations_iPad = "UIInterfaceOrientationPortrait UIInterfaceOrientationPortraitUpsideDown UIInterfaceOrientationLandscapeLeft UIInterfaceOrientationLandscapeRight";
				INFOPLIST_KEY_UISupportedInterfaceOrientations_iPhone = "UIInterfaceOrientationPortrait UIInterfaceOrientationLandscapeLeft UIInterfaceOrientationLandscapeRight";
				LD_RUNPATH_SEARCH_PATHS = (
					"$(inherited)",
					"@executable_path/Frameworks",
				);
				MARKETING_VERSION = 1.0;
				PRODUCT_BUNDLE_IDENTIFIER = "MIskurov.Counter-ver2";
				PRODUCT_NAME = "$(TARGET_NAME)";
				SWIFT_EMIT_LOC_STRINGS = YES;
				SWIFT_VERSION = 5.0;
				TARGETED_DEVICE_FAMILY = "1,2";
			};
			name = Release;
		};
		31B7DD4B2B34C21300203B8C /* Debug */ = {
			isa = XCBuildConfiguration;
			buildSettings = {
				ALWAYS_EMBED_SWIFT_STANDARD_LIBRARIES = YES;
				BUNDLE_LOADER = "$(TEST_HOST)";
				CODE_SIGN_STYLE = Automatic;
				CURRENT_PROJECT_VERSION = 1;
				GENERATE_INFOPLIST_FILE = YES;
				IPHONEOS_DEPLOYMENT_TARGET = 17.0;
				MARKETING_VERSION = 1.0;
				PRODUCT_BUNDLE_IDENTIFIER = "MIskurov.Counter-ver2Tests";
				PRODUCT_NAME = "$(TARGET_NAME)";
				SWIFT_EMIT_LOC_STRINGS = NO;
				SWIFT_VERSION = 5.0;
				TARGETED_DEVICE_FAMILY = "1,2";
				TEST_HOST = "$(BUILT_PRODUCTS_DIR)/Counter.ver2.app/$(BUNDLE_EXECUTABLE_FOLDER_PATH)/Counter.ver2";
			};
			name = Debug;
		};
		31B7DD4C2B34C21300203B8C /* Release */ = {
			isa = XCBuildConfiguration;
			buildSettings = {
				ALWAYS_EMBED_SWIFT_STANDARD_LIBRARIES = YES;
				BUNDLE_LOADER = "$(TEST_HOST)";
				CODE_SIGN_STYLE = Automatic;
				CURRENT_PROJECT_VERSION = 1;
				GENERATE_INFOPLIST_FILE = YES;
				IPHONEOS_DEPLOYMENT_TARGET = 17.0;
				MARKETING_VERSION = 1.0;
				PRODUCT_BUNDLE_IDENTIFIER = "MIskurov.Counter-ver2Tests";
				PRODUCT_NAME = "$(TARGET_NAME)";
				SWIFT_EMIT_LOC_STRINGS = NO;
				SWIFT_VERSION = 5.0;
				TARGETED_DEVICE_FAMILY = "1,2";
				TEST_HOST = "$(BUILT_PRODUCTS_DIR)/Counter.ver2.app/$(BUNDLE_EXECUTABLE_FOLDER_PATH)/Counter.ver2";
			};
			name = Release;
		};
		31B7DD4E2B34C21300203B8C /* Debug */ = {
			isa = XCBuildConfiguration;
			buildSettings = {
				ALWAYS_EMBED_SWIFT_STANDARD_LIBRARIES = YES;
				CODE_SIGN_STYLE = Automatic;
				CURRENT_PROJECT_VERSION = 1;
				GENERATE_INFOPLIST_FILE = YES;
				MARKETING_VERSION = 1.0;
				PRODUCT_BUNDLE_IDENTIFIER = "MIskurov.Counter-ver2UITests";
				PRODUCT_NAME = "$(TARGET_NAME)";
				SWIFT_EMIT_LOC_STRINGS = NO;
				SWIFT_VERSION = 5.0;
				TARGETED_DEVICE_FAMILY = "1,2";
				TEST_TARGET_NAME = Counter.ver2;
			};
			name = Debug;
		};
		31B7DD4F2B34C21300203B8C /* Release */ = {
			isa = XCBuildConfiguration;
			buildSettings = {
				ALWAYS_EMBED_SWIFT_STANDARD_LIBRARIES = YES;
				CODE_SIGN_STYLE = Automatic;
				CURRENT_PROJECT_VERSION = 1;
				GENERATE_INFOPLIST_FILE = YES;
				MARKETING_VERSION = 1.0;
				PRODUCT_BUNDLE_IDENTIFIER = "MIskurov.Counter-ver2UITests";
				PRODUCT_NAME = "$(TARGET_NAME)";
				SWIFT_EMIT_LOC_STRINGS = NO;
				SWIFT_VERSION = 5.0;
				TARGETED_DEVICE_FAMILY = "1,2";
				TEST_TARGET_NAME = Counter.ver2;
			};
			name = Release;
		};
/* End XCBuildConfiguration section */

/* Begin XCConfigurationList section */
		31B7DD182B34C21100203B8C /* Build configuration list for PBXProject "Counter.ver2" */ = {
			isa = XCConfigurationList;
			buildConfigurations = (
				31B7DD452B34C21300203B8C /* Debug */,
				31B7DD462B34C21300203B8C /* Release */,
			);
			defaultConfigurationIsVisible = 0;
			defaultConfigurationName = Release;
		};
		31B7DD472B34C21300203B8C /* Build configuration list for PBXNativeTarget "Counter.ver2" */ = {
			isa = XCConfigurationList;
			buildConfigurations = (
				31B7DD482B34C21300203B8C /* Debug */,
				31B7DD492B34C21300203B8C /* Release */,
			);
			defaultConfigurationIsVisible = 0;
			defaultConfigurationName = Release;
		};
		31B7DD4A2B34C21300203B8C /* Build configuration list for PBXNativeTarget "Counter.ver2Tests" */ = {
			isa = XCConfigurationList;
			buildConfigurations = (
				31B7DD4B2B34C21300203B8C /* Debug */,
				31B7DD4C2B34C21300203B8C /* Release */,
			);
			defaultConfigurationIsVisible = 0;
			defaultConfigurationName = Release;
		};
		31B7DD4D2B34C21300203B8C /* Build configuration list for PBXNativeTarget "Counter.ver2UITests" */ = {
			isa = XCConfigurationList;
			buildConfigurations = (
				31B7DD4E2B34C21300203B8C /* Debug */,
				31B7DD4F2B34C21300203B8C /* Release */,
			);
			defaultConfigurationIsVisible = 0;
			defaultConfigurationName = Release;
		};
/* End XCConfigurationList section */
	};
	rootObject = 31B7DD152B34C21100203B8C /* Project object */;
}
